
Microsoft Visual Studio Solution File, Format Version 12.00
# Visual Studio 15
VisualStudioVersion = 15.0.28307.438
MinimumVisualStudioVersion = 10.0.40219.1
Project("{FAE04EC0-301F-11D3-BF4B-00C04F79EFBC}") = "PbLAlgorithmus", "PbLAlgorithmus\PbLAlgorithmus.csproj", "{571F2B4D-807A-4F8A-A371-EF04271555EA}"
EndProject
Global
	GlobalSection(SolutionConfigurationPlatforms) = preSolution
		Debug|Any CPU = Debug|Any CPU
		Release|Any CPU = Release|Any CPU
	EndGlobalSection
	GlobalSection(ProjectConfigurationPlatforms) = postSolution
		{571F2B4D-807A-4F8A-A371-EF04271555EA}.Debug|Any CPU.ActiveCfg = Debug|Any CPU
		{571F2B4D-807A-4F8A-A371-EF04271555EA}.Debug|Any CPU.Build.0 = Debug|Any CPU
		{571F2B4D-807A-4F8A-A371-EF04271555EA}.Release|Any CPU.ActiveCfg = Release|Any CPU
		{571F2B4D-807A-4F8A-A371-EF04271555EA}.Release|Any CPU.Build.0 = Release|Any CPU
	EndGlobalSection
	GlobalSection(SolutionProperties) = preSolution
		HideSolutionNode = FALSE
	EndGlobalSection
	GlobalSection(ExtensibilityGlobals) = postSolution
		SolutionGuid = {2A6BD24A-929C-4CA7-840B-450E6B5749C8}
	EndGlobalSection
EndGlobal
